[[package]]
name = "asgiref"
version = "3.5.1"
description = "ASGI specs, helper code, and adapters"
category = "main"
optional = false
python-versions = ">=3.7"

[package.extras]
tests = ["pytest", "pytest-asyncio", "mypy (>=0.800)"]

[[package]]
name = "django"
version = "3.2.13"
description = "A high-level Python Web framework that encourages rapid development and clean, pragmatic design."
category = "main"
optional = false
python-versions = ">=3.6"

[package.dependencies]
asgiref = ">=3.3.2,<4"
pytz = "*"
sqlparse = ">=0.2.2"

[package.extras]
argon2 = ["argon2-cffi (>=19.1.0)"]
bcrypt = ["bcrypt"]

[[package]]
name = "django-search-views"
version = "0.3.7"
description = "Search List class-based views for Django"
category = "main"
optional = false
python-versions = "*"

[package.dependencies]
Django = ">=1.8"

[[package]]
name = "django-taggit"
version = "3.1.0"
description = "django-taggit is a reusable Django application for simple tagging."
category = "main"
optional = false
python-versions = ">=3.6"

[package.dependencies]
Django = ">=3.2"

[[package]]
name = "django-taggit-labels"
version = "0.7.0"
description = "Alternate labels for django-taggit"
category = "main"
optional = false
python-versions = "*"

[package.dependencies]
django-taggit = ">=0.17.0"

[[package]]
name = "pytz"
version = "2022.1"
description = "World timezone definitions, modern and historical"
category = "main"
optional = false
python-versions = "*"

[[package]]
name = "sqlparse"
version = "0.4.2"
description = "A non-validating SQL parser."
category = "main"
optional = false
python-versions = ">=3.5"

[metadata]
lock-version = "1.1"
python-versions = "^3.8"
content-hash = "081ca3f37fced9bc3016c5c48a5fcaaa35503e34aaeb478b76a0e7e3feb3ae00"

[metadata.files]
asgiref = []
django = []
django-search-views = [
    {file = "django-search-views-0.3.7.tar.gz", hash = "sha256:ba54cf9ad003edece2d2f785d7519daef4a95fedb42bd357baee9e85856881e7"},
]
django-taggit = []
django-taggit-labels = []
pytz = []
sqlparse = []
